{
  "name": "time-capsule",
  "lockfileVersion": 2,
  "requires": true,
  "packages": {
    "": {
      "dependencies": {
        "ldrs": "^1.0.1"
      }
    },
    "node_modules/ldrs": {
      "version": "1.0.1",
      "resolved": "https://registry.npmjs.org/ldrs/-/ldrs-1.0.1.tgz",
      "integrity": "sha512-eeCP1XEG72Yz6JX50zlYWRJcEfNBrpp8QSzyjD3HHhxrnt4steLX4iDHF3Dezjbnnj5qtuJn7lr1nln+/kpUIQ=="
    }
  },
  "dependencies": {
    "ldrs": {
      "version": "1.0.1",
      "resolved": "https://registry.npmjs.org/ldrs/-/ldrs-1.0.1.tgz",
      "integrity": "sha512-eeCP1XEG72Yz6JX50zlYWRJcEfNBrpp8QSzyjD3HHhxrnt4steLX4iDHF3Dezjbnnj5qtuJn7lr1nln+/kpUIQ=="
    }
  }
}
