# THIS IS AN AUTOGENERATED FILE. DO NOT EDIT THIS FILE DIRECTLY.
# yarn lockfile v1


ldrs@^1.0.1:
  version "1.0.1"
  resolved "https://registry.yarnpkg.com/ldrs/-/ldrs-1.0.1.tgz#38128d2e36f2b9321da171fbe4c532b656e8e28c"
  integrity sha512-eeCP1XEG72Yz6JX50zlYWRJcEfNBrpp8QSzyjD3HHhxrnt4steLX4iDHF3Dezjbnnj5qtuJn7lr1nln+/kpUIQ==
